<?xml version="1.0" encoding="utf-8"?>
<Project ToolsVersion="4.0" xmlns="http://schemas.microsoft.com/developer/msbuild/2003">
  <ItemGroup>
    <Filter Include="Source Files">
      <UniqueIdentifier>{4FC737F1-C7A5-4376-A066-2A32D752A2FF}</UniqueIdentifier>
      <Extensions>cpp;c;cc;cxx;def;odl;idl;hpj;bat;asm;asmx</Extensions>
    </Filter>
    <Filter Include="Header Files">
      <UniqueIdentifier>{93995380-89BD-4b04-88EB-625FBE52EBFB}</UniqueIdentifier>
      <Extensions>h;hh;hpp;hxx;hm;inl;inc;ipp;xsd</Extensions>
    </Filter>
  </ItemGroup>
  <ItemGroup>
    <ClInclude Include="CppLibrary.h">
      <Filter>Header Files</Filter>
    </ClInclude>
    <ClInclude Include="earcut.hpp">
      <Filter>Header Files</Filter>
    </ClInclude>
    <ClInclude Include="ThEarCutTriangulationBuilder.h">
      <Filter>Header Files</Filter>
    </ClInclude>
    <ClInclude Include="polydecomp\common.h">
      <Filter>Header Files</Filter>
    </ClInclude>
    <ClInclude Include="polydecomp\Point.h">
      <Filter>Header Files</Filter>
    </ClInclude>
    <ClInclude Include="ThPolygonDecomposer.h">
      <Filter>Header Files</Filter>
    </ClInclude>
    <ClInclude Include="polydecomp\polydecomp.h">
      <Filter>Header Files</Filter>
    </ClInclude>
    <ClInclude Include="mapbox\geometry\box.hpp">
      <Filter>Header Files</Filter>
    </ClInclude>
    <ClInclude Include="mapbox\geometry\empty.hpp">
      <Filter>Header Files</Filter>
    </ClInclude>
    <ClInclude Include="mapbox\geometry\envelope.hpp">
      <Filter>Header Files</Filter>
    </ClInclude>
    <ClInclude Include="mapbox\geometry\for_each_point.hpp">
      <Filter>Header Files</Filter>
    </ClInclude>
    <ClInclude Include="mapbox\geometry\geometry.hpp">
      <Filter>Header Files</Filter>
    </ClInclude>
    <ClInclude Include="mapbox\geometry\line_string.hpp">
      <Filter>Header Files</Filter>
    </ClInclude>
    <ClInclude Include="mapbox\geometry\multi_line_string.hpp">
      <Filter>Header Files</Filter>
    </ClInclude>
    <ClInclude Include="mapbox\geometry\multi_point.hpp">
      <Filter>Header Files</Filter>
    </ClInclude>
    <ClInclude Include="mapbox\geometry\multi_polygon.hpp">
      <Filter>Header Files</Filter>
    </ClInclude>
    <ClInclude Include="mapbox\geometry\point.hpp">
      <Filter>Header Files</Filter>
    </ClInclude>
    <ClInclude Include="mapbox\geometry\point_arithmetic.hpp">
      <Filter>Header Files</Filter>
    </ClInclude>
    <ClInclude Include="mapbox\geometry\polygon.hpp">
      <Filter>Header Files</Filter>
    </ClInclude>
    <ClInclude Include="mapbox\feature.hpp">
      <Filter>Header Files</Filter>
    </ClInclude>
    <ClInclude Include="mapbox\geometry.hpp">
      <Filter>Header Files</Filter>
    </ClInclude>
    <ClInclude Include="mapbox\geometry_io.hpp">
      <Filter>Header Files</Filter>
    </ClInclude>
    <ClInclude Include="mapbox\optional.hpp">
      <Filter>Header Files</Filter>
    </ClInclude>
    <ClInclude Include="mapbox\recursive_wrapper.hpp">
      <Filter>Header Files</Filter>
    </ClInclude>
    <ClInclude Include="mapbox\variant.hpp">
      <Filter>Header Files</Filter>
    </ClInclude>
    <ClInclude Include="mapbox\variant_cast.hpp">
      <Filter>Header Files</Filter>
    </ClInclude>
    <ClInclude Include="mapbox\variant_io.hpp">
      <Filter>Header Files</Filter>
    </ClInclude>
    <ClInclude Include="mapbox\variant_visitor.hpp">
      <Filter>Header Files</Filter>
    </ClInclude>
    <ClInclude Include="ThMaximumInscribedCircle.h">
      <Filter>Header Files</Filter>
    </ClInclude>
    <ClInclude Include="psimpl.h">
      <Filter>Header Files</Filter>
    </ClInclude>
    <ClInclude Include="polylabel.hpp">
      <Filter>Header Files</Filter>
    </ClInclude>
  </ItemGroup>
  <ItemGroup>
    <ClCompile Include="ThEarCutTriangulationBuilder.cpp">
      <Filter>Source Files</Filter>
    </ClCompile>
    <ClCompile Include="polydecomp\common.cpp">
      <Filter>Source Files</Filter>
    </ClCompile>
    <ClCompile Include="polydecomp\Point.cpp">
      <Filter>Source Files</Filter>
    </ClCompile>
    <ClCompile Include="polydecomp\polydecomp.cpp">
      <Filter>Source Files</Filter>
    </ClCompile>
    <ClCompile Include="ThPolygonDecomposer.cpp">
      <Filter>Source Files</Filter>
    </ClCompile>
    <ClCompile Include="ThMaximumInscribedCircle.cpp">
      <Filter>Source Files</Filter>
    </ClCompile>
  </ItemGroup>
</Project>